
Microsoft Visual Studio Solution File, Format Version 12.00
# Visual Studio Version 17
VisualStudioVersion = 17.5.33516.290
MinimumVisualStudioVersion = 10.0.40219.1
Project("{2150E333-8FDC-42A3-9474-1A3956D46DE8}") = "src", "src", "{ECAEEE89-DD2A-47F7-9B6B-CCC91BE75F09}"
EndProject
Project("{2150E333-8FDC-42A3-9474-1A3956D46DE8}") = "backend", "backend", "{5DB7DEE4-F320-451D-8F6D-34DC331CA928}"
EndProject
Project("{FAE04EC0-301F-11D3-BF4B-00C04F79EFBC}") = "HSMD.WebApi", "src\backend\HSMD.WebApi\HSMD.WebApi.csproj", "{392911DE-750B-49D7-AA5B-2717DED677E4}"
EndProject
Project("{FAE04EC0-301F-11D3-BF4B-00C04F79EFBC}") = "HSMD.Domain", "src\backend\HSMD.Domain\HSMD.Domain.csproj", "{7A48B303-640D-4225-A7A2-D81573CC238B}"
EndProject
Project("{FAE04EC0-301F-11D3-BF4B-00C04F79EFBC}") = "HSMD.Application", "src\backend\HSMD.Application\HSMD.Application.csproj", "{2803F6E0-682D-4784-896F-9DC9D7B7DE55}"
EndProject
Project("{FAE04EC0-301F-11D3-BF4B-00C04F79EFBC}") = "HSMD.Infrastructure.Data", "src\backend\HSMD.Infrastructure.Data\HSMD.Infrastructure.Data.csproj", "{C0AB4252-7549-42B3-9BF4-050DFA0E7C4A}"
EndProject
Project("{FAE04EC0-301F-11D3-BF4B-00C04F79EFBC}") = "HSMD.Infrastructure_Identity", "src\backend\HSMD.Infrastructure_Identity\HSMD.Infrastructure_Identity.csproj", "{240D4D28-3DEA-4087-8B48-302178B81749}"
EndProject
Global
	GlobalSection(SolutionConfigurationPlatforms) = preSolution
		Debug|Any CPU = Debug|Any CPU
		Release|Any CPU = Release|Any CPU
	EndGlobalSection
	GlobalSection(ProjectConfigurationPlatforms) = postSolution
		{392911DE-750B-49D7-AA5B-2717DED677E4}.Debug|Any CPU.ActiveCfg = Debug|Any CPU
		{392911DE-750B-49D7-AA5B-2717DED677E4}.Debug|Any CPU.Build.0 = Debug|Any CPU
		{392911DE-750B-49D7-AA5B-2717DED677E4}.Release|Any CPU.ActiveCfg = Release|Any CPU
		{392911DE-750B-49D7-AA5B-2717DED677E4}.Release|Any CPU.Build.0 = Release|Any CPU
		{7A48B303-640D-4225-A7A2-D81573CC238B}.Debug|Any CPU.ActiveCfg = Debug|Any CPU
		{7A48B303-640D-4225-A7A2-D81573CC238B}.Debug|Any CPU.Build.0 = Debug|Any CPU
		{7A48B303-640D-4225-A7A2-D81573CC238B}.Release|Any CPU.ActiveCfg = Release|Any CPU
		{7A48B303-640D-4225-A7A2-D81573CC238B}.Release|Any CPU.Build.0 = Release|Any CPU
		{2803F6E0-682D-4784-896F-9DC9D7B7DE55}.Debug|Any CPU.ActiveCfg = Debug|Any CPU
		{2803F6E0-682D-4784-896F-9DC9D7B7DE55}.Debug|Any CPU.Build.0 = Debug|Any CPU
		{2803F6E0-682D-4784-896F-9DC9D7B7DE55}.Release|Any CPU.ActiveCfg = Release|Any CPU
		{2803F6E0-682D-4784-896F-9DC9D7B7DE55}.Release|Any CPU.Build.0 = Release|Any CPU
		{C0AB4252-7549-42B3-9BF4-050DFA0E7C4A}.Debug|Any CPU.ActiveCfg = Debug|Any CPU
		{C0AB4252-7549-42B3-9BF4-050DFA0E7C4A}.Debug|Any CPU.Build.0 = Debug|Any CPU
		{C0AB4252-7549-42B3-9BF4-050DFA0E7C4A}.Release|Any CPU.ActiveCfg = Release|Any CPU
		{C0AB4252-7549-42B3-9BF4-050DFA0E7C4A}.Release|Any CPU.Build.0 = Release|Any CPU
		{240D4D28-3DEA-4087-8B48-302178B81749}.Debug|Any CPU.ActiveCfg = Debug|Any CPU
		{240D4D28-3DEA-4087-8B48-302178B81749}.Debug|Any CPU.Build.0 = Debug|Any CPU
		{240D4D28-3DEA-4087-8B48-302178B81749}.Release|Any CPU.ActiveCfg = Release|Any CPU
		{240D4D28-3DEA-4087-8B48-302178B81749}.Release|Any CPU.Build.0 = Release|Any CPU
	EndGlobalSection
	GlobalSection(SolutionProperties) = preSolution
		HideSolutionNode = FALSE
	EndGlobalSection
	GlobalSection(NestedProjects) = preSolution
		{5DB7DEE4-F320-451D-8F6D-34DC331CA928} = {ECAEEE89-DD2A-47F7-9B6B-CCC91BE75F09}
		{392911DE-750B-49D7-AA5B-2717DED677E4} = {5DB7DEE4-F320-451D-8F6D-34DC331CA928}
		{7A48B303-640D-4225-A7A2-D81573CC238B} = {5DB7DEE4-F320-451D-8F6D-34DC331CA928}
		{2803F6E0-682D-4784-896F-9DC9D7B7DE55} = {5DB7DEE4-F320-451D-8F6D-34DC331CA928}
		{C0AB4252-7549-42B3-9BF4-050DFA0E7C4A} = {5DB7DEE4-F320-451D-8F6D-34DC331CA928}
		{240D4D28-3DEA-4087-8B48-302178B81749} = {5DB7DEE4-F320-451D-8F6D-34DC331CA928}
	EndGlobalSection
	GlobalSection(ExtensibilityGlobals) = postSolution
		SolutionGuid = {F22EBF49-6A11-417A-AADD-CC1CE99C1BB2}
	EndGlobalSection
EndGlobal
